Microsoft Visual Studio Solution File, Format Version 12.00
# Visual Studio Version 17
VisualStudioVersion = 17.11.35327.3
MinimumVisualStudioVersion = 10.0.40219.1
Project("{9A19103F-16F7-4668-BE54-9A1E7A4F7556}") = "Domain", "src\Domain\Domain.csproj", "{C031DAAF-57F1-457A-9102-40A203ED16A9}"
EndProject
Project("{9A19103F-16F7-4668-BE54-9A1E7A4F7556}") = "Application", "src\Application\Application.csproj", "{40625E1B-8B21-4E81-B64C-82529FB015D1}"
EndProject
Project("{9A19103F-16F7-4668-BE54-9A1E7A4F7556}") = "Infrastructure", "src\Infrastructure\Infrastructure.csproj", "{0DB29878-D7A4-4E66-AE3D-16273E967968}"
EndProject
Project("{9A19103F-16F7-4668-BE54-9A1E7A4F7556}") = "Endpoints", "src\Endpoints\Endpoints.csproj", "{6D8EFD84-9F4B-4619-8CA6-99ED14DC1712}"
EndProject
Project("{2150E333-8FDC-42A3-9474-1A3956D46DE8}") = "Solution Items", "Solution Items", "{746595D7-FA2D-42BD-B437-9D16E86E8A64}"
	ProjectSection(SolutionItems) = preProject
		.gitignore = .gitignore
	EndProjectSection
EndProject
Global
	GlobalSection(SolutionConfigurationPlatforms) = preSolution
		Debug|Any CPU = Debug|Any CPU
		Release|Any CPU = Release|Any CPU
	EndGlobalSection
	GlobalSection(ProjectConfigurationPlatforms) = postSolution
		{C031DAAF-57F1-457A-9102-40A203ED16A9}.Debug|Any CPU.ActiveCfg = Debug|Any CPU
		{C031DAAF-57F1-457A-9102-40A203ED16A9}.Debug|Any CPU.Build.0 = Debug|Any CPU
		{C031DAAF-57F1-457A-9102-40A203ED16A9}.Release|Any CPU.ActiveCfg = Release|Any CPU
		{C031DAAF-57F1-457A-9102-40A203ED16A9}.Release|Any CPU.Build.0 = Release|Any CPU
		{40625E1B-8B21-4E81-B64C-82529FB015D1}.Debug|Any CPU.ActiveCfg = Debug|Any CPU
		{40625E1B-8B21-4E81-B64C-82529FB015D1}.Debug|Any CPU.Build.0 = Debug|Any CPU
		{40625E1B-8B21-4E81-B64C-82529FB015D1}.Release|Any CPU.ActiveCfg = Release|Any CPU
		{40625E1B-8B21-4E81-B64C-82529FB015D1}.Release|Any CPU.Build.0 = Release|Any CPU
		{0DB29878-D7A4-4E66-AE3D-16273E967968}.Debug|Any CPU.ActiveCfg = Debug|Any CPU
		{0DB29878-D7A4-4E66-AE3D-16273E967968}.Debug|Any CPU.Build.0 = Debug|Any CPU
		{0DB29878-D7A4-4E66-AE3D-16273E967968}.Release|Any CPU.ActiveCfg = Release|Any CPU
		{0DB29878-D7A4-4E66-AE3D-16273E967968}.Release|Any CPU.Build.0 = Release|Any CPU
		{6D8EFD84-9F4B-4619-8CA6-99ED14DC1712}.Debug|Any CPU.ActiveCfg = Debug|Any CPU
		{6D8EFD84-9F4B-4619-8CA6-99ED14DC1712}.Debug|Any CPU.Build.0 = Debug|Any CPU
		{6D8EFD84-9F4B-4619-8CA6-99ED14DC1712}.Release|Any CPU.ActiveCfg = Release|Any CPU
		{6D8EFD84-9F4B-4619-8CA6-99ED14DC1712}.Release|Any CPU.Build.0 = Release|Any CPU
	EndGlobalSection
	GlobalSection(SolutionProperties) = preSolution
		HideSolutionNode = FALSE
	EndGlobalSection
	GlobalSection(ExtensibilityGlobals) = postSolution
		SolutionGuid = {141CEEC2-ACC0-4539-B00F-065B440B3E46}
	EndGlobalSection
EndGlobal